
Microsoft Visual Studio Solution File, Format Version 12.00
# Visual Studio Version 16
VisualStudioVersion = 16.0.32802.440
MinimumVisualStudioVersion = 10.0.40219.1
Project("{FAE04EC0-301F-11D3-BF4B-00C04F79EFBC}") = "CanvasDrawing", "CanvasDrawing\CanvasDrawing.csproj", "{77B4C7B6-3A3C-4CB1-9DE1-E6C314D2A1AA}"
EndProject
Global
	GlobalSection(SolutionConfigurationPlatforms) = preSolution
		Debug|Any CPU = Debug|Any CPU
		Release|Any CPU = Release|Any CPU
	EndGlobalSection
	GlobalSection(ProjectConfigurationPlatforms) = postSolution
		{77B4C7B6-3A3C-4CB1-9DE1-E6C314D2A1AA}.Debug|Any CPU.ActiveCfg = Debug|Any CPU
		{77B4C7B6-3A3C-4CB1-9DE1-E6C314D2A1AA}.Debug|Any CPU.Build.0 = Debug|Any CPU
		{77B4C7B6-3A3C-4CB1-9DE1-E6C314D2A1AA}.Release|Any CPU.ActiveCfg = Release|Any CPU
		{77B4C7B6-3A3C-4CB1-9DE1-E6C314D2A1AA}.Release|Any CPU.Build.0 = Release|Any CPU
	EndGlobalSection
	GlobalSection(SolutionProperties) = preSolution
		HideSolutionNode = FALSE
	EndGlobalSection
	GlobalSection(ExtensibilityGlobals) = postSolution
		SolutionGuid = {F033AAA0-541E-4094-813D-03FF8EAFD7A5}
	EndGlobalSection
EndGlobal
